{
  "name": "hex-to-rgba",
  "version": "0.0.0",
  "lockfileVersion": 1,
  "requires": true,
  "dependencies": {
    "hex-rgba": {
      "version": "1.0.1",
      "resolved": "https://registry.npmjs.org/hex-rgba/-/hex-rgba-1.0.1.tgz",
      "integrity": "sha1-3XmnZMZg8NVhMCF2a4DJsG2XOx0="
    }
  }
}
